
Microsoft Visual Studio Solution File, Format Version 12.00
# Visual Studio Version 17
VisualStudioVersion = 17.7.34009.444
MinimumVisualStudioVersion = 10.0.40219.1
Project("{9A19103F-16F7-4668-BE54-9A1E7A4F7556}") = "Pick.Net.Utilities.Maui", "Pick.Net.Utilities.Maui\Pick.Net.Utilities.Maui.csproj", "{2BCBBAB9-67E3-4076-8C31-C76B38D770D1}"
EndProject
Project("{9A19103F-16F7-4668-BE54-9A1E7A4F7556}") = "Pick.Net.Utilities.Maui.SourceGenerators", "Pick.Net.Utilities.Maui.SourceGenerators\Pick.Net.Utilities.Maui.SourceGenerators.csproj", "{871760E7-67E0-48B4-B415-DB6B8FB68448}"
EndProject
Project("{9A19103F-16F7-4668-BE54-9A1E7A4F7556}") = "Pick.Net.Utilities.Maui.TestApp", "Pick.Net.Utilities.Maui.TestApp\Pick.Net.Utilities.Maui.TestApp.csproj", "{981BD7A0-412D-469E-BD01-911F4B36C4C6}"
EndProject
Project("{2150E333-8FDC-42A3-9474-1A3956D46DE8}") = "Solution Items", "Solution Items", "{A0463050-2DAE-4C08-8D32-DEDE9767DB5B}"
	ProjectSection(SolutionItems) = preProject
		.gitignore = .gitignore
		.github\workflows\build.yml = .github\workflows\build.yml
		Pick.Net.Utilities.Maui.SourceGenerators.Diagnostics.md = Pick.Net.Utilities.Maui.SourceGenerators.Diagnostics.md
		.github\workflows\release.yml = .github\workflows\release.yml
	EndProjectSection
EndProject
Project("{9A19103F-16F7-4668-BE54-9A1E7A4F7556}") = "Pick.Net.Utilities", "Pick.Net.Utilities\Pick.Net.Utilities.csproj", "{A0686F75-CCCA-4845-8088-2FCDCE4B5D1E}"
EndProject
Project("{9A19103F-16F7-4668-BE54-9A1E7A4F7556}") = "ConsoleApp", "ConsoleApp\ConsoleApp.csproj", "{78CB99A5-6EB2-40E3-829A-12406CFC368A}"
EndProject
Project("{D954291E-2A0B-460D-934E-DC6B0785DB48}") = "Pick.Net.Utilities.Maui.Shared", "Pick.Net.Utilities.Maui.Shared\Pick.Net.Utilities.Maui.Shared.shproj", "{C181FD58-A49A-4E15-94D8-F88458DE253D}"
EndProject
Project("{9A19103F-16F7-4668-BE54-9A1E7A4F7556}") = "Pick.Net.Utilities.Maui.SourceGenerators.Tests", "Pick.Net.Utilities.Maui.SourceGenerators.Tests\Pick.Net.Utilities.Maui.SourceGenerators.Tests.csproj", "{BEFC07B3-38E7-4B39-BB27-49994CC985B6}"
EndProject
Project("{2150E333-8FDC-42A3-9474-1A3956D46DE8}") = "Core", "Core", "{7BE77EA6-5546-4425-88B7-A6D3C48B71F6}"
EndProject
Project("{2150E333-8FDC-42A3-9474-1A3956D46DE8}") = "Maui", "Maui", "{ABC71038-BFEB-4A47-A25B-57FFE0BA5D56}"
EndProject
Project("{2150E333-8FDC-42A3-9474-1A3956D46DE8}") = "Tests", "Tests", "{E923A127-50A3-446C-9FC2-96624D55AC69}"
EndProject
Project("{2150E333-8FDC-42A3-9474-1A3956D46DE8}") = "ConsoleApps", "ConsoleApps", "{2DB4D353-D453-4F61-9F47-0B3F313211E5}"
EndProject
Project("{9A19103F-16F7-4668-BE54-9A1E7A4F7556}") = "Pick.Net.Utilities.Tests", "Pick.Net.Utilities.Tests\Pick.Net.Utilities.Tests.csproj", "{22CFDFE8-F5F4-4DBB-BF02-7A2970A55DB2}"
EndProject
Project("{FAE04EC0-301F-11D3-BF4B-00C04F79EFBC}") = "Pick.Net.Utilities.Benchmarks", "Pick.Net.Utilities.Benchmarks\Pick.Net.Utilities.Benchmarks.csproj", "{EC45C618-FC8A-4922-88AA-5B0EE6B47DD2}"
EndProject
Global
	GlobalSection(SolutionConfigurationPlatforms) = preSolution
		Debug|Any CPU = Debug|Any CPU
		Release|Any CPU = Release|Any CPU
	EndGlobalSection
	GlobalSection(ProjectConfigurationPlatforms) = postSolution
		{2BCBBAB9-67E3-4076-8C31-C76B38D770D1}.Debug|Any CPU.ActiveCfg = Debug|Any CPU
		{2BCBBAB9-67E3-4076-8C31-C76B38D770D1}.Debug|Any CPU.Build.0 = Debug|Any CPU
		{2BCBBAB9-67E3-4076-8C31-C76B38D770D1}.Release|Any CPU.ActiveCfg = Release|Any CPU
		{2BCBBAB9-67E3-4076-8C31-C76B38D770D1}.Release|Any CPU.Build.0 = Release|Any CPU
		{871760E7-67E0-48B4-B415-DB6B8FB68448}.Debug|Any CPU.ActiveCfg = Debug|Any CPU
		{871760E7-67E0-48B4-B415-DB6B8FB68448}.Debug|Any CPU.Build.0 = Debug|Any CPU
		{871760E7-67E0-48B4-B415-DB6B8FB68448}.Release|Any CPU.ActiveCfg = Release|Any CPU
		{871760E7-67E0-48B4-B415-DB6B8FB68448}.Release|Any CPU.Build.0 = Release|Any CPU
		{981BD7A0-412D-469E-BD01-911F4B36C4C6}.Debug|Any CPU.ActiveCfg = Debug|Any CPU
		{981BD7A0-412D-469E-BD01-911F4B36C4C6}.Debug|Any CPU.Build.0 = Debug|Any CPU
		{981BD7A0-412D-469E-BD01-911F4B36C4C6}.Debug|Any CPU.Deploy.0 = Debug|Any CPU
		{981BD7A0-412D-469E-BD01-911F4B36C4C6}.Release|Any CPU.ActiveCfg = Release|Any CPU
		{981BD7A0-412D-469E-BD01-911F4B36C4C6}.Release|Any CPU.Build.0 = Release|Any CPU
		{981BD7A0-412D-469E-BD01-911F4B36C4C6}.Release|Any CPU.Deploy.0 = Release|Any CPU
		{A0686F75-CCCA-4845-8088-2FCDCE4B5D1E}.Debug|Any CPU.ActiveCfg = Debug|Any CPU
		{A0686F75-CCCA-4845-8088-2FCDCE4B5D1E}.Debug|Any CPU.Build.0 = Debug|Any CPU
		{A0686F75-CCCA-4845-8088-2FCDCE4B5D1E}.Release|Any CPU.ActiveCfg = Release|Any CPU
		{A0686F75-CCCA-4845-8088-2FCDCE4B5D1E}.Release|Any CPU.Build.0 = Release|Any CPU
		{78CB99A5-6EB2-40E3-829A-12406CFC368A}.Debug|Any CPU.ActiveCfg = Debug|Any CPU
		{78CB99A5-6EB2-40E3-829A-12406CFC368A}.Debug|Any CPU.Build.0 = Debug|Any CPU
		{78CB99A5-6EB2-40E3-829A-12406CFC368A}.Release|Any CPU.ActiveCfg = Release|Any CPU
		{78CB99A5-6EB2-40E3-829A-12406CFC368A}.Release|Any CPU.Build.0 = Release|Any CPU
		{BEFC07B3-38E7-4B39-BB27-49994CC985B6}.Debug|Any CPU.ActiveCfg = Debug|Any CPU
		{BEFC07B3-38E7-4B39-BB27-49994CC985B6}.Debug|Any CPU.Build.0 = Debug|Any CPU
		{BEFC07B3-38E7-4B39-BB27-49994CC985B6}.Release|Any CPU.ActiveCfg = Release|Any CPU
		{BEFC07B3-38E7-4B39-BB27-49994CC985B6}.Release|Any CPU.Build.0 = Release|Any CPU
		{22CFDFE8-F5F4-4DBB-BF02-7A2970A55DB2}.Debug|Any CPU.ActiveCfg = Debug|Any CPU
		{22CFDFE8-F5F4-4DBB-BF02-7A2970A55DB2}.Debug|Any CPU.Build.0 = Debug|Any CPU
		{22CFDFE8-F5F4-4DBB-BF02-7A2970A55DB2}.Release|Any CPU.ActiveCfg = Release|Any CPU
		{22CFDFE8-F5F4-4DBB-BF02-7A2970A55DB2}.Release|Any CPU.Build.0 = Release|Any CPU
		{EC45C618-FC8A-4922-88AA-5B0EE6B47DD2}.Debug|Any CPU.ActiveCfg = Debug|Any CPU
		{EC45C618-FC8A-4922-88AA-5B0EE6B47DD2}.Debug|Any CPU.Build.0 = Debug|Any CPU
		{EC45C618-FC8A-4922-88AA-5B0EE6B47DD2}.Release|Any CPU.ActiveCfg = Release|Any CPU
		{EC45C618-FC8A-4922-88AA-5B0EE6B47DD2}.Release|Any CPU.Build.0 = Release|Any CPU
	EndGlobalSection
	GlobalSection(SolutionProperties) = preSolution
		HideSolutionNode = FALSE
	EndGlobalSection
	GlobalSection(NestedProjects) = preSolution
		{2BCBBAB9-67E3-4076-8C31-C76B38D770D1} = {ABC71038-BFEB-4A47-A25B-57FFE0BA5D56}
		{871760E7-67E0-48B4-B415-DB6B8FB68448} = {ABC71038-BFEB-4A47-A25B-57FFE0BA5D56}
		{981BD7A0-412D-469E-BD01-911F4B36C4C6} = {2DB4D353-D453-4F61-9F47-0B3F313211E5}
		{A0686F75-CCCA-4845-8088-2FCDCE4B5D1E} = {7BE77EA6-5546-4425-88B7-A6D3C48B71F6}
		{78CB99A5-6EB2-40E3-829A-12406CFC368A} = {2DB4D353-D453-4F61-9F47-0B3F313211E5}
		{C181FD58-A49A-4E15-94D8-F88458DE253D} = {ABC71038-BFEB-4A47-A25B-57FFE0BA5D56}
		{BEFC07B3-38E7-4B39-BB27-49994CC985B6} = {E923A127-50A3-446C-9FC2-96624D55AC69}
		{22CFDFE8-F5F4-4DBB-BF02-7A2970A55DB2} = {E923A127-50A3-446C-9FC2-96624D55AC69}
		{EC45C618-FC8A-4922-88AA-5B0EE6B47DD2} = {E923A127-50A3-446C-9FC2-96624D55AC69}
	EndGlobalSection
	GlobalSection(ExtensibilityGlobals) = postSolution
		SolutionGuid = {F5B7D413-EFA2-4DDB-A7F5-F818F1E2F481}
	EndGlobalSection
	GlobalSection(SharedMSBuildProjectFiles) = preSolution
		Pick.Net.Utilities.Maui.Shared\Pick.Net.Utilities.Maui.Shared.projitems*{2bcbbab9-67e3-4076-8c31-c76b38d770d1}*SharedItemsImports = 5
		Pick.Net.Utilities.Maui.Shared\Pick.Net.Utilities.Maui.Shared.projitems*{871760e7-67e0-48b4-b415-db6b8fb68448}*SharedItemsImports = 5
		Pick.Net.Utilities.Maui.Shared\Pick.Net.Utilities.Maui.Shared.projitems*{c181fd58-a49a-4e15-94d8-f88458de253d}*SharedItemsImports = 13
	EndGlobalSection
EndGlobal
